// !$*UTF8*$!
{
	archiveVersion = 1;
	classes = {
	};
	objectVersion = 56;
	objects = {

/* Begin PBXBuildFile section */
		3A14F06A2A7C4DA70005E554 /* CategoryManager.swift in Sources */ = {isa = PBXBuildFile; fileRef = 3A14F0692A7C4DA70005E554 /* CategoryManager.swift */; };
		3A359F1E2A7C0F38000E90F9 /* HomeView.swift in Sources */ = {isa = PBXBuildFile; fileRef = 3A359F1D2A7C0F38000E90F9 /* HomeView.swift */; };
		3A359F202A7C12C2000E90F9 /* SettingsView.swift in Sources */ = {isa = PBXBuildFile; fileRef = 3A359F1F2A7C12C2000E90F9 /* SettingsView.swift */; };
		3A93605C2AB60A15006B7467 /* SplashView.swift in Sources */ = {isa = PBXBuildFile; fileRef = 3A93605B2AB60A15006B7467 /* SplashView.swift */; };
		3A93605E2AB611A4006B7467 /* TutorialManager.swift in Sources */ = {isa = PBXBuildFile; fileRef = 3A93605D2AB611A4006B7467 /* TutorialManager.swift */; };
		3A9360612AB616DA006B7467 /* TutorialHomeView_1.swift in Sources */ = {isa = PBXBuildFile; fileRef = 3A9360602AB616DA006B7467 /* TutorialHomeView_1.swift */; };
		3A9360662AB73C03006B7467 /* TutorialHomePopup.swift in Sources */ = {isa = PBXBuildFile; fileRef = 3A9360652AB73C03006B7467 /* TutorialHomePopup.swift */; };
		3A93606B2AB74453006B7467 /* CreateFirstCategoryForm.swift in Sources */ = {isa = PBXBuildFile; fileRef = 3A93606A2AB74453006B7467 /* CreateFirstCategoryForm.swift */; };
		3A993D302A9576000082F59A /* RepsPicker.swift in Sources */ = {isa = PBXBuildFile; fileRef = 3A993D2F2A9576000082F59A /* RepsPicker.swift */; };
		3AC27F1C2A7DAB2300D21A43 /* NewWorkoutFormView.swift in Sources */ = {isa = PBXBuildFile; fileRef = 3AC27F1B2A7DAB2300D21A43 /* NewWorkoutFormView.swift */; };
		3AC27F202A7DE1DC00D21A43 /* NewWorkoutSetFormView.swift in Sources */ = {isa = PBXBuildFile; fileRef = 3AC27F1F2A7DE1DC00D21A43 /* NewWorkoutSetFormView.swift */; };
		3AC27F222A7DFB6B00D21A43 /* PreviewManager.swift in Sources */ = {isa = PBXBuildFile; fileRef = 3AC27F212A7DFB6B00D21A43 /* PreviewManager.swift */; };
		3AC27F242A7EC4D100D21A43 /* ColorExtension.swift in Sources */ = {isa = PBXBuildFile; fileRef = 3AC27F232A7EC4D100D21A43 /* ColorExtension.swift */; };
		3AC27F262A7EC70700D21A43 /* ViewExtension.swift in Sources */ = {isa = PBXBuildFile; fileRef = 3AC27F252A7EC70700D21A43 /* ViewExtension.swift */; };
		3AC28E022A814C8C0084D5CF /* GochiHand-Regular.ttf in Resources */ = {isa = PBXBuildFile; fileRef = 3AC28E012A814C8C0084D5CF /* GochiHand-Regular.ttf */; };
		3AC28E052A83416A0084D5CF /* StatsView.swift in Sources */ = {isa = PBXBuildFile; fileRef = 3AC28E042A83416A0084D5CF /* StatsView.swift */; };
		3AC28E092A8342F30084D5CF /* DateExtension.swift in Sources */ = {isa = PBXBuildFile; fileRef = 3AC28E082A8342F30084D5CF /* DateExtension.swift */; };
		3AC28E0B2A8343CA0084D5CF /* AverageWeightView.swift in Sources */ = {isa = PBXBuildFile; fileRef = 3AC28E0A2A8343CA0084D5CF /* AverageWeightView.swift */; };
		3AC28E0D2A8343F70084D5CF /* WorkoutsFrequencyView.swift in Sources */ = {isa = PBXBuildFile; fileRef = 3AC28E0C2A8343F70084D5CF /* WorkoutsFrequencyView.swift */; };
		3AC28E0F2A83441C0084D5CF /* PickerWorkoutWeightView.swift in Sources */ = {isa = PBXBuildFile; fileRef = 3AC28E0E2A83441C0084D5CF /* PickerWorkoutWeightView.swift */; };
		3ADC39842AB0C01B005AF5D8 /* BarWeightPicker.swift in Sources */ = {isa = PBXBuildFile; fileRef = 3ADC39832AB0C01B005AF5D8 /* BarWeightPicker.swift */; };
		3ADC39862AB0C149005AF5D8 /* BarWeightForm.swift in Sources */ = {isa = PBXBuildFile; fileRef = 3ADC39852AB0C149005AF5D8 /* BarWeightForm.swift */; };
		3AE101132A9407D4001948B3 /* WeightPicker.swift in Sources */ = {isa = PBXBuildFile; fileRef = 3AE101122A9407D4001948B3 /* WeightPicker.swift */; };
		3AE50D0A2A79A23A00E33A34 /* Lift_ScanApp.swift in Sources */ = {isa = PBXBuildFile; fileRef = 3AE50D092A79A23A00E33A34 /* Lift_ScanApp.swift */; };
		3AE50D0C2A79A23A00E33A34 /* ContentView.swift in Sources */ = {isa = PBXBuildFile; fileRef = 3AE50D0B2A79A23A00E33A34 /* ContentView.swift */; };
		3AE50D0E2A79A23D00E33A34 /* Assets.xcassets in Resources */ = {isa = PBXBuildFile; fileRef = 3AE50D0D2A79A23D00E33A34 /* Assets.xcassets */; };
		3AE50D112A79A23D00E33A34 /* Preview Assets.xcassets in Resources */ = {isa = PBXBuildFile; fileRef = 3AE50D102A79A23D00E33A34 /* Preview Assets.xcassets */; };
		3AE50D132A79A23D00E33A34 /* Persistence.swift in Sources */ = {isa = PBXBuildFile; fileRef = 3AE50D122A79A23D00E33A34 /* Persistence.swift */; };
		3AE50D162A79A23D00E33A34 /* Lift_Scan.xcdatamodeld in Sources */ = {isa = PBXBuildFile; fileRef = 3AE50D142A79A23D00E33A34 /* Lift_Scan.xcdatamodeld */; };
		3AE50D202A79A25C00E33A34 /* QRScannerView.swift in Sources */ = {isa = PBXBuildFile; fileRef = 3AE50D1F2A79A25C00E33A34 /* QRScannerView.swift */; };
		3AE50D222A7A16E100E33A34 /* WorkoutManager.swift in Sources */ = {isa = PBXBuildFile; fileRef = 3AE50D212A7A16E100E33A34 /* WorkoutManager.swift */; };
		3AE50D242A7A1DA700E33A34 /* QRScannerButton.swift in Sources */ = {isa = PBXBuildFile; fileRef = 3AE50D232A7A1DA700E33A34 /* QRScannerButton.swift */; };
		3AE50D262A7A1EE300E33A34 /* WorkoutCategoryView.swift in Sources */ = {isa = PBXBuildFile; fileRef = 3AE50D252A7A1EE300E33A34 /* WorkoutCategoryView.swift */; };
		3AE50D282A7A1F4F00E33A34 /* WorkoutGridView.swift in Sources */ = {isa = PBXBuildFile; fileRef = 3AE50D272A7A1F4F00E33A34 /* WorkoutGridView.swift */; };
		3AE50D2A2A7A20E500E33A34 /* SelectedWorkoutView.swift in Sources */ = {isa = PBXBuildFile; fileRef = 3AE50D292A7A20E500E33A34 /* SelectedWorkoutView.swift */; };
/* End PBXBuildFile section */

/* Begin PBXFileReference section */
		3A14F0692A7C4DA70005E554 /* CategoryManager.swift */ = {isa = PBXFileReference; lastKnownFileType = sourcecode.swift; path = CategoryManager.swift; sourceTree = "<group>"; };
		3A359F1D2A7C0F38000E90F9 /* HomeView.swift */ = {isa = PBXFileReference; lastKnownFileType = sourcecode.swift; path = HomeView.swift; sourceTree = "<group>"; };
		3A359F1F2A7C12C2000E90F9 /* SettingsView.swift */ = {isa = PBXFileReference; lastKnownFileType = sourcecode.swift; path = SettingsView.swift; sourceTree = "<group>"; };
		3A93605B2AB60A15006B7467 /* SplashView.swift */ = {isa = PBXFileReference; lastKnownFileType = sourcecode.swift; path = SplashView.swift; sourceTree = "<group>"; };
		3A93605D2AB611A4006B7467 /* TutorialManager.swift */ = {isa = PBXFileReference; lastKnownFileType = sourcecode.swift; path = TutorialManager.swift; sourceTree = "<group>"; };
		3A9360602AB616DA006B7467 /* TutorialHomeView_1.swift */ = {isa = PBXFileReference; lastKnownFileType = sourcecode.swift; path = TutorialHomeView_1.swift; sourceTree = "<group>"; };
		3A9360652AB73C03006B7467 /* TutorialHomePopup.swift */ = {isa = PBXFileReference; lastKnownFileType = sourcecode.swift; path = TutorialHomePopup.swift; sourceTree = "<group>"; };
		3A93606A2AB74453006B7467 /* CreateFirstCategoryForm.swift */ = {isa = PBXFileReference; lastKnownFileType = sourcecode.swift; path = CreateFirstCategoryForm.swift; sourceTree = "<group>"; };
		3A993D2F2A9576000082F59A /* RepsPicker.swift */ = {isa = PBXFileReference; lastKnownFileType = sourcecode.swift; path = RepsPicker.swift; sourceTree = "<group>"; };
		3AC27F1B2A7DAB2300D21A43 /* NewWorkoutFormView.swift */ = {isa = PBXFileReference; lastKnownFileType = sourcecode.swift; path = NewWorkoutFormView.swift; sourceTree = "<group>"; };
		3AC27F1F2A7DE1DC00D21A43 /* NewWorkoutSetFormView.swift */ = {isa = PBXFileReference; lastKnownFileType = sourcecode.swift; path = NewWorkoutSetFormView.swift; sourceTree = "<group>"; };
		3AC27F212A7DFB6B00D21A43 /* PreviewManager.swift */ = {isa = PBXFileReference; lastKnownFileType = sourcecode.swift; path = PreviewManager.swift; sourceTree = "<group>"; };
		3AC27F232A7EC4D100D21A43 /* ColorExtension.swift */ = {isa = PBXFileReference; lastKnownFileType = sourcecode.swift; path = ColorExtension.swift; sourceTree = "<group>"; };
		3AC27F252A7EC70700D21A43 /* ViewExtension.swift */ = {isa = PBXFileReference; lastKnownFileType = sourcecode.swift; path = ViewExtension.swift; sourceTree = "<group>"; };
		3AC28E012A814C8C0084D5CF /* GochiHand-Regular.ttf */ = {isa = PBXFileReference; lastKnownFileType = file; name = "GochiHand-Regular.ttf"; path = "../../../../../../Downloads/Gochi_Hand/GochiHand-Regular.ttf"; sourceTree = "<group>"; };
		3AC28E042A83416A0084D5CF /* StatsView.swift */ = {isa = PBXFileReference; lastKnownFileType = sourcecode.swift; path = StatsView.swift; sourceTree = "<group>"; };
		3AC28E082A8342F30084D5CF /* DateExtension.swift */ = {isa = PBXFileReference; lastKnownFileType = sourcecode.swift; path = DateExtension.swift; sourceTree = "<group>"; };
		3AC28E0A2A8343CA0084D5CF /* AverageWeightView.swift */ = {isa = PBXFileReference; lastKnownFileType = sourcecode.swift; path = AverageWeightView.swift; sourceTree = "<group>"; };
		3AC28E0C2A8343F70084D5CF /* WorkoutsFrequencyView.swift */ = {isa = PBXFileReference; lastKnownFileType = sourcecode.swift; path = WorkoutsFrequencyView.swift; sourceTree = "<group>"; };
		3AC28E0E2A83441C0084D5CF /* PickerWorkoutWeightView.swift */ = {isa = PBXFileReference; lastKnownFileType = sourcecode.swift; path = PickerWorkoutWeightView.swift; sourceTree = "<group>"; };
		3ADC39832AB0C01B005AF5D8 /* BarWeightPicker.swift */ = {isa = PBXFileReference; lastKnownFileType = sourcecode.swift; path = BarWeightPicker.swift; sourceTree = "<group>"; };
		3ADC39852AB0C149005AF5D8 /* BarWeightForm.swift */ = {isa = PBXFileReference; lastKnownFileType = sourcecode.swift; path = BarWeightForm.swift; sourceTree = "<group>"; };
		3AE101122A9407D4001948B3 /* WeightPicker.swift */ = {isa = PBXFileReference; lastKnownFileType = sourcecode.swift; path = WeightPicker.swift; sourceTree = "<group>"; };
		3AE50D062A79A23A00E33A34 /* Lift Scan.app */ = {isa = PBXFileReference; explicitFileType = wrapper.application; includeInIndex = 0; path = "Lift Scan.app"; sourceTree = BUILT_PRODUCTS_DIR; };
		3AE50D092A79A23A00E33A34 /* Lift_ScanApp.swift */ = {isa = PBXFileReference; lastKnownFileType = sourcecode.swift; path = Lift_ScanApp.swift; sourceTree = "<group>"; };
		3AE50D0B2A79A23A00E33A34 /* ContentView.swift */ = {isa = PBXFileReference; lastKnownFileType = sourcecode.swift; path = ContentView.swift; sourceTree = "<group>"; };
		3AE50D0D2A79A23D00E33A34 /* Assets.xcassets */ = {isa = PBXFileReference; lastKnownFileType = folder.assetcatalog; path = Assets.xcassets; sourceTree = "<group>"; };
		3AE50D102A79A23D00E33A34 /* Preview Assets.xcassets */ = {isa = PBXFileReference; lastKnownFileType = folder.assetcatalog; path = "Preview Assets.xcassets"; sourceTree = "<group>"; };
		3AE50D122A79A23D00E33A34 /* Persistence.swift */ = {isa = PBXFileReference; lastKnownFileType = sourcecode.swift; path = Persistence.swift; sourceTree = "<group>"; };
		3AE50D152A79A23D00E33A34 /* Lift_Scan.xcdatamodel */ = {isa = PBXFileReference; lastKnownFileType = wrapper.xcdatamodel; path = Lift_Scan.xcdatamodel; sourceTree = "<group>"; };
		3AE50D172A79A23D00E33A34 /* Lift_Scan.entitlements */ = {isa = PBXFileReference; lastKnownFileType = text.plist.entitlements; path = Lift_Scan.entitlements; sourceTree = "<group>"; };
		3AE50D182A79A23D00E33A34 /* Info.plist */ = {isa = PBXFileReference; lastKnownFileType = text.plist.xml; path = Info.plist; sourceTree = "<group>"; };
		3AE50D1F2A79A25C00E33A34 /* QRScannerView.swift */ = {isa = PBXFileReference; lastKnownFileType = sourcecode.swift; path = QRScannerView.swift; sourceTree = "<group>"; };
		3AE50D212A7A16E100E33A34 /* WorkoutManager.swift */ = {isa = PBXFileReference; lastKnownFileType = sourcecode.swift; path = WorkoutManager.swift; sourceTree = "<group>"; };
		3AE50D232A7A1DA700E33A34 /* QRScannerButton.swift */ = {isa = PBXFileReference; lastKnownFileType = sourcecode.swift; path = QRScannerButton.swift; sourceTree = "<group>"; };
		3AE50D252A7A1EE300E33A34 /* WorkoutCategoryView.swift */ = {isa = PBXFileReference; lastKnownFileType = sourcecode.swift; path = WorkoutCategoryView.swift; sourceTree = "<group>"; };
		3AE50D272A7A1F4F00E33A34 /* WorkoutGridView.swift */ = {isa = PBXFileReference; lastKnownFileType = sourcecode.swift; path = WorkoutGridView.swift; sourceTree = "<group>"; };
		3AE50D292A7A20E500E33A34 /* SelectedWorkoutView.swift */ = {isa = PBXFileReference; lastKnownFileType = sourcecode.swift; path = SelectedWorkoutView.swift; sourceTree = "<group>"; };
/* End PBXFileReference section */

/* Begin PBXFrameworksBuildPhase section */
		3AE50D032A79A23A00E33A34 /* Frameworks */ = {
			isa = PBXFrameworksBuildPhase;
			buildActionMask = 2147483647;
			files = (
			);
			runOnlyForDeploymentPostprocessing = 0;
		};
/* End PBXFrameworksBuildPhase section */

/* Begin PBXGroup section */
		3A93605F2AB6169B006B7467 /* TutorialHomeViews */ = {
			isa = PBXGroup;
			children = (
				3A9360602AB616DA006B7467 /* TutorialHomeView_1.swift */,
				3A9360652AB73C03006B7467 /* TutorialHomePopup.swift */,
			);
			path = TutorialHomeViews;
			sourceTree = "<group>";
		};
		3A9360622AB61ED0006B7467 /* HomeViewComponents */ = {
			isa = PBXGroup;
			children = (
				3A93606A2AB74453006B7467 /* CreateFirstCategoryForm.swift */,
			);
			path = HomeViewComponents;
			sourceTree = "<group>";
		};
		3AC28E002A814B980084D5CF /* fonts */ = {
			isa = PBXGroup;
			children = (
				3AC28E012A814C8C0084D5CF /* GochiHand-Regular.ttf */,
			);
			path = fonts;
			sourceTree = "<group>";
		};
		3AC28E032A83415A0084D5CF /* StatsViews */ = {
			isa = PBXGroup;
			children = (
				3AC28E042A83416A0084D5CF /* StatsView.swift */,
				3AC28E0E2A83441C0084D5CF /* PickerWorkoutWeightView.swift */,
				3AC28E0A2A8343CA0084D5CF /* AverageWeightView.swift */,
				3AC28E0C2A8343F70084D5CF /* WorkoutsFrequencyView.swift */,
			);
			path = StatsViews;
			sourceTree = "<group>";
		};
		3AC28E062A8342A30084D5CF /* Extensions */ = {
			isa = PBXGroup;
			children = (
				3AC27F232A7EC4D100D21A43 /* ColorExtension.swift */,
				3AC28E082A8342F30084D5CF /* DateExtension.swift */,
				3AC27F252A7EC70700D21A43 /* ViewExtension.swift */,
			);
			path = Extensions;
			sourceTree = "<group>";
		};
		3AC28E072A8342B90084D5CF /* Managers */ = {
			isa = PBXGroup;
			children = (
				3AC27F212A7DFB6B00D21A43 /* PreviewManager.swift */,
				3AE50D212A7A16E100E33A34 /* WorkoutManager.swift */,
				3A14F0692A7C4DA70005E554 /* CategoryManager.swift */,
				3A93605D2AB611A4006B7467 /* TutorialManager.swift */,
			);
			path = Managers;
			sourceTree = "<group>";
		};
		3AE50CFD2A79A23A00E33A34 = {
			isa = PBXGroup;
			children = (
				3AE50D082A79A23A00E33A34 /* Lift Scan */,
				3AE50D072A79A23A00E33A34 /* Products */,
			);
			sourceTree = "<group>";
		};
		3AE50D072A79A23A00E33A34 /* Products */ = {
			isa = PBXGroup;
			children = (
				3AE50D062A79A23A00E33A34 /* Lift Scan.app */,
			);
			name = Products;
			sourceTree = "<group>";
		};
		3AE50D082A79A23A00E33A34 /* Lift Scan */ = {
			isa = PBXGroup;
			children = (
				3AC28E002A814B980084D5CF /* fonts */,
				3AE50D092A79A23A00E33A34 /* Lift_ScanApp.swift */,
				3AE50D0B2A79A23A00E33A34 /* ContentView.swift */,
				3AC28E062A8342A30084D5CF /* Extensions */,
				3AC28E072A8342B90084D5CF /* Managers */,
				3AE50D1E2A79A24F00E33A34 /* Views */,
				3AE50D0D2A79A23D00E33A34 /* Assets.xcassets */,
				3AE50D122A79A23D00E33A34 /* Persistence.swift */,
				3AE50D172A79A23D00E33A34 /* Lift_Scan.entitlements */,
				3AE50D182A79A23D00E33A34 /* Info.plist */,
				3AE50D142A79A23D00E33A34 /* Lift_Scan.xcdatamodeld */,
				3AE50D0F2A79A23D00E33A34 /* Preview Content */,
			);
			path = "Lift Scan";
			sourceTree = "<group>";
		};
		3AE50D0F2A79A23D00E33A34 /* Preview Content */ = {
			isa = PBXGroup;
			children = (
				3AE50D102A79A23D00E33A34 /* Preview Assets.xcassets */,
			);
			path = "Preview Content";
			sourceTree = "<group>";
		};
		3AE50D1E2A79A24F00E33A34 /* Views */ = {
			isa = PBXGroup;
			children = (
				3AE50D1F2A79A25C00E33A34 /* QRScannerView.swift */,
				3A359F1D2A7C0F38000E90F9 /* HomeView.swift */,
				3A9360622AB61ED0006B7467 /* HomeViewComponents */,
				3AC28E032A83415A0084D5CF /* StatsViews */,
				3AC27F1B2A7DAB2300D21A43 /* NewWorkoutFormView.swift */,
				3AC27F1F2A7DE1DC00D21A43 /* NewWorkoutSetFormView.swift */,
				3A93605F2AB6169B006B7467 /* TutorialHomeViews */,
				3A93605B2AB60A15006B7467 /* SplashView.swift */,
				3AE50D272A7A1F4F00E33A34 /* WorkoutGridView.swift */,
				3AE101122A9407D4001948B3 /* WeightPicker.swift */,
				3A993D2F2A9576000082F59A /* RepsPicker.swift */,
				3ADC39832AB0C01B005AF5D8 /* BarWeightPicker.swift */,
				3ADC39852AB0C149005AF5D8 /* BarWeightForm.swift */,
				3AE50D292A7A20E500E33A34 /* SelectedWorkoutView.swift */,
				3AE50D232A7A1DA700E33A34 /* QRScannerButton.swift */,
				3A359F1F2A7C12C2000E90F9 /* SettingsView.swift */,
				3AE50D252A7A1EE300E33A34 /* WorkoutCategoryView.swift */,
			);
			path = Views;
			sourceTree = "<group>";
		};
/* End PBXGroup section */

/* Begin PBXNativeTarget section */
		3AE50D052A79A23A00E33A34 /* Lift Scan */ = {
			isa = PBXNativeTarget;
			buildConfigurationList = 3AE50D1B2A79A23D00E33A34 /* Build configuration list for PBXNativeTarget "Lift Scan" */;
			buildPhases = (
				3AE50D022A79A23A00E33A34 /* Sources */,
				3AE50D032A79A23A00E33A34 /* Frameworks */,
				3AE50D042A79A23A00E33A34 /* Resources */,
			);
			buildRules = (
			);
			dependencies = (
			);
			name = "Lift Scan";
			productName = "Lift Scan";
			productReference = 3AE50D062A79A23A00E33A34 /* Lift Scan.app */;
			productType = "com.apple.product-type.application";
		};
/* End PBXNativeTarget section */

/* Begin PBXProject section */
		3AE50CFE2A79A23A00E33A34 /* Project object */ = {
			isa = PBXProject;
			attributes = {
				BuildIndependentTargetsInParallel = 1;
				LastSwiftUpdateCheck = 1500;
				LastUpgradeCheck = 1500;
				TargetAttributes = {
					3AE50D052A79A23A00E33A34 = {
						CreatedOnToolsVersion = 15.0;
					};
				};
			};
			buildConfigurationList = 3AE50D012A79A23A00E33A34 /* Build configuration list for PBXProject "Lift Scan" */;
			compatibilityVersion = "Xcode 14.0";
			developmentRegion = en;
			hasScannedForEncodings = 0;
			knownRegions = (
				en,
				Base,
			);
			mainGroup = 3AE50CFD2A79A23A00E33A34;
			productRefGroup = 3AE50D072A79A23A00E33A34 /* Products */;
			projectDirPath = "";
			projectRoot = "";
			targets = (
				3AE50D052A79A23A00E33A34 /* Lift Scan */,
			);
		};
/* End PBXProject section */

/* Begin PBXResourcesBuildPhase section */
		3AE50D042A79A23A00E33A34 /* Resources */ = {
			isa = PBXResourcesBuildPhase;
			buildActionMask = 2147483647;
			files = (
				3AE50D112A79A23D00E33A34 /* Preview Assets.xcassets in Resources */,
				3AC28E022A814C8C0084D5CF /* GochiHand-Regular.ttf in Resources */,
				3AE50D0E2A79A23D00E33A34 /* Assets.xcassets in Resources */,
			);
			runOnlyForDeploymentPostprocessing = 0;
		};
/* End PBXResourcesBuildPhase section */

/* Begin PBXSourcesBuildPhase section */
		3AE50D022A79A23A00E33A34 /* Sources */ = {
			isa = PBXSourcesBuildPhase;
			buildActionMask = 2147483647;
			files = (
				3AC27F262A7EC70700D21A43 /* ViewExtension.swift in Sources */,
				3ADC39862AB0C149005AF5D8 /* BarWeightForm.swift in Sources */,
				3ADC39842AB0C01B005AF5D8 /* BarWeightPicker.swift in Sources */,
				3AC28E092A8342F30084D5CF /* DateExtension.swift in Sources */,
				3A9360612AB616DA006B7467 /* TutorialHomeView_1.swift in Sources */,
				3A993D302A9576000082F59A /* RepsPicker.swift in Sources */,
				3A93606B2AB74453006B7467 /* CreateFirstCategoryForm.swift in Sources */,
				3AC27F202A7DE1DC00D21A43 /* NewWorkoutSetFormView.swift in Sources */,
				3AE101132A9407D4001948B3 /* WeightPicker.swift in Sources */,
				3AE50D262A7A1EE300E33A34 /* WorkoutCategoryView.swift in Sources */,
				3AE50D132A79A23D00E33A34 /* Persistence.swift in Sources */,
				3AC28E0D2A8343F70084D5CF /* WorkoutsFrequencyView.swift in Sources */,
				3AE50D162A79A23D00E33A34 /* Lift_Scan.xcdatamodeld in Sources */,
				3AC27F1C2A7DAB2300D21A43 /* NewWorkoutFormView.swift in Sources */,
				3AE50D0C2A79A23A00E33A34 /* ContentView.swift in Sources */,
				3A93605C2AB60A15006B7467 /* SplashView.swift in Sources */,
				3AC27F242A7EC4D100D21A43 /* ColorExtension.swift in Sources */,
				3AE50D0A2A79A23A00E33A34 /* Lift_ScanApp.swift in Sources */,
				3A359F1E2A7C0F38000E90F9 /* HomeView.swift in Sources */,
				3A93605E2AB611A4006B7467 /* TutorialManager.swift in Sources */,
				3AE50D242A7A1DA700E33A34 /* QRScannerButton.swift in Sources */,
				3AE50D282A7A1F4F00E33A34 /* WorkoutGridView.swift in Sources */,
				3AE50D202A79A25C00E33A34 /* QRScannerView.swift in Sources */,
				3A14F06A2A7C4DA70005E554 /* CategoryManager.swift in Sources */,
				3A9360662AB73C03006B7467 /* TutorialHomePopup.swift in Sources */,
				3AC28E0B2A8343CA0084D5CF /* AverageWeightView.swift in Sources */,
				3AC28E052A83416A0084D5CF /* StatsView.swift in Sources */,
				3AC27F222A7DFB6B00D21A43 /* PreviewManager.swift in Sources */,
				3AC28E0F2A83441C0084D5CF /* PickerWorkoutWeightView.swift in Sources */,
				3A359F202A7C12C2000E90F9 /* SettingsView.swift in Sources */,
				3AE50D222A7A16E100E33A34 /* WorkoutManager.swift in Sources */,
				3AE50D2A2A7A20E500E33A34 /* SelectedWorkoutView.swift in Sources */,
			);
			runOnlyForDeploymentPostprocessing = 0;
		};
/* End PBXSourcesBuildPhase section */

/* Begin XCBuildConfiguration section */
		3AE50D192A79A23D00E33A34 /* Debug */ = {
			isa = XCBuildConfiguration;
			buildSettings = {
				ALWAYS_SEARCH_USER_PATHS = NO;
				ASSETCATALOG_COMPILER_GENERATE_SWIFT_ASSET_SYMBOL_EXTENSIONS = YES;
				CLANG_ANALYZER_NONNULL = YES;
				CLANG_ANALYZER_NUMBER_OBJECT_CONVERSION = YES_AGGRESSIVE;
				CLANG_CXX_LANGUAGE_STANDARD = "gnu++20";
				CLANG_ENABLE_MODULES = YES;
				CLANG_ENABLE_OBJC_ARC = YES;
				CLANG_ENABLE_OBJC_WEAK = YES;
				CLANG_WARN_BLOCK_CAPTURE_AUTORELEASING = YES;
				CLANG_WARN_BOOL_CONVERSION = YES;
				CLANG_WARN_COMMA = YES;
				CLANG_WARN_CONSTANT_CONVERSION = YES;
				CLANG_WARN_DEPRECATED_OBJC_IMPLEMENTATIONS = YES;
				CLANG_WARN_DIRECT_OBJC_ISA_USAGE = YES_ERROR;
				CLANG_WARN_DOCUMENTATION_COMMENTS = YES;
				CLANG_WARN_EMPTY_BODY = YES;
				CLANG_WARN_ENUM_CONVERSION = YES;
				CLANG_WARN_INFINITE_RECURSION = YES;
				CLANG_WARN_INT_CONVERSION = YES;
				CLANG_WARN_NON_LITERAL_NULL_CONVERSION = YES;
				CLANG_WARN_OBJC_IMPLICIT_RETAIN_SELF = YES;
				CLANG_WARN_OBJC_LITERAL_CONVERSION = YES;
				CLANG_WARN_OBJC_ROOT_CLASS = YES_ERROR;
				CLANG_WARN_QUOTED_INCLUDE_IN_FRAMEWORK_HEADER = YES;
				CLANG_WARN_RANGE_LOOP_ANALYSIS = YES;
				CLANG_WARN_STRICT_PROTOTYPES = YES;
				CLANG_WARN_SUSPICIOUS_MOVE = YES;
				CLANG_WARN_UNGUARDED_AVAILABILITY = YES_AGGRESSIVE;
				CLANG_WARN_UNREACHABLE_CODE = YES;
				CLANG_WARN__DUPLICATE_METHOD_MATCH = YES;
				COPY_PHASE_STRIP = NO;
				DEBUG_INFORMATION_FORMAT = dwarf;
				ENABLE_STRICT_OBJC_MSGSEND = YES;
				ENABLE_TESTABILITY = YES;
				ENABLE_USER_SCRIPT_SANDBOXING = YES;
				GCC_C_LANGUAGE_STANDARD = gnu17;
				GCC_DYNAMIC_NO_PIC = NO;
				GCC_NO_COMMON_BLOCKS = YES;
				GCC_OPTIMIZATION_LEVEL = 0;
				GCC_PREPROCESSOR_DEFINITIONS = (
					"DEBUG=1",
					"$(inherited)",
				);
				GCC_WARN_64_TO_32_BIT_CONVERSION = YES;
				GCC_WARN_ABOUT_RETURN_TYPE = YES_ERROR;
				GCC_WARN_UNDECLARED_SELECTOR = YES;
				GCC_WARN_UNINITIALIZED_AUTOS = YES_AGGRESSIVE;
				GCC_WARN_UNUSED_FUNCTION = YES;
				GCC_WARN_UNUSED_VARIABLE = YES;
				IPHONEOS_DEPLOYMENT_TARGET = 17.0;
				LOCALIZATION_PREFERS_STRING_CATALOGS = YES;
				MTL_ENABLE_DEBUG_INFO = INCLUDE_SOURCE;
				MTL_FAST_MATH = YES;
				ONLY_ACTIVE_ARCH = YES;
				SDKROOT = iphoneos;
				SWIFT_ACTIVE_COMPILATION_CONDITIONS = "DEBUG $(inherited)";
				SWIFT_OPTIMIZATION_LEVEL = "-Onone";
			};
			name = Debug;
		};
		3AE50D1A2A79A23D00E33A34 /* Release */ = {
			isa = XCBuildConfiguration;
			buildSettings = {
				ALWAYS_SEARCH_USER_PATHS = NO;
				ASSETCATALOG_COMPILER_GENERATE_SWIFT_ASSET_SYMBOL_EXTENSIONS = YES;
				CLANG_ANALYZER_NONNULL = YES;
				CLANG_ANALYZER_NUMBER_OBJECT_CONVERSION = YES_AGGRESSIVE;
				CLANG_CXX_LANGUAGE_STANDARD = "gnu++20";
				CLANG_ENABLE_MODULES = YES;
				CLANG_ENABLE_OBJC_ARC = YES;
				CLANG_ENABLE_OBJC_WEAK = YES;
				CLANG_WARN_BLOCK_CAPTURE_AUTORELEASING = YES;
				CLANG_WARN_BOOL_CONVERSION = YES;
				CLANG_WARN_COMMA = YES;
				CLANG_WARN_CONSTANT_CONVERSION = YES;
				CLANG_WARN_DEPRECATED_OBJC_IMPLEMENTATIONS = YES;
				CLANG_WARN_DIRECT_OBJC_ISA_USAGE = YES_ERROR;
				CLANG_WARN_DOCUMENTATION_COMMENTS = YES;
				CLANG_WARN_EMPTY_BODY = YES;
				CLANG_WARN_ENUM_CONVERSION = YES;
				CLANG_WARN_INFINITE_RECURSION = YES;
				CLANG_WARN_INT_CONVERSION = YES;
				CLANG_WARN_NON_LITERAL_NULL_CONVERSION = YES;
				CLANG_WARN_OBJC_IMPLICIT_RETAIN_SELF = YES;
				CLANG_WARN_OBJC_LITERAL_CONVERSION = YES;
				CLANG_WARN_OBJC_ROOT_CLASS = YES_ERROR;
				CLANG_WARN_QUOTED_INCLUDE_IN_FRAMEWORK_HEADER = YES;
				CLANG_WARN_RANGE_LOOP_ANALYSIS = YES;
				CLANG_WARN_STRICT_PROTOTYPES = YES;
				CLANG_WARN_SUSPICIOUS_MOVE = YES;
				CLANG_WARN_UNGUARDED_AVAILABILITY = YES_AGGRESSIVE;
				CLANG_WARN_UNREACHABLE_CODE = YES;
				CLANG_WARN__DUPLICATE_METHOD_MATCH = YES;
				COPY_PHASE_STRIP = NO;
				DEBUG_INFORMATION_FORMAT = "dwarf-with-dsym";
				ENABLE_NS_ASSERTIONS = NO;
				ENABLE_STRICT_OBJC_MSGSEND = YES;
				ENABLE_USER_SCRIPT_SANDBOXING = YES;
				GCC_C_LANGUAGE_STANDARD = gnu17;
				GCC_NO_COMMON_BLOCKS = YES;
				GCC_WARN_64_TO_32_BIT_CONVERSION = YES;
				GCC_WARN_ABOUT_RETURN_TYPE = YES_ERROR;
				GCC_WARN_UNDECLARED_SELECTOR = YES;
				GCC_WARN_UNINITIALIZED_AUTOS = YES_AGGRESSIVE;
				GCC_WARN_UNUSED_FUNCTION = YES;
				GCC_WARN_UNUSED_VARIABLE = YES;
				IPHONEOS_DEPLOYMENT_TARGET = 17.0;
				LOCALIZATION_PREFERS_STRING_CATALOGS = YES;
				MTL_ENABLE_DEBUG_INFO = NO;
				MTL_FAST_MATH = YES;
				SDKROOT = iphoneos;
				SWIFT_COMPILATION_MODE = wholemodule;
				VALIDATE_PRODUCT = YES;
			};
			name = Release;
		};
		3AE50D1C2A79A23D00E33A34 /* Debug */ = {
			isa = XCBuildConfiguration;
			buildSettings = {
				ASSETCATALOG_COMPILER_APPICON_NAME = AppIcon;
				ASSETCATALOG_COMPILER_GLOBAL_ACCENT_COLOR_NAME = AccentColor;
				CODE_SIGN_ENTITLEMENTS = "Lift Scan/Lift_Scan.entitlements";
				CODE_SIGN_STYLE = Automatic;
				CURRENT_PROJECT_VERSION = 1;
				DEVELOPMENT_ASSET_PATHS = "\"Lift Scan/Preview Content\"";
				DEVELOPMENT_TEAM = 6HR3MK32U8;
				ENABLE_PREVIEWS = YES;
				GENERATE_INFOPLIST_FILE = YES;
				INFOPLIST_FILE = "Lift Scan/Info.plist";
				INFOPLIST_KEY_UIApplicationSceneManifest_Generation = YES;
				INFOPLIST_KEY_UIApplicationSupportsIndirectInputEvents = YES;
				INFOPLIST_KEY_UILaunchScreen_Generation = YES;
				INFOPLIST_KEY_UISupportedInterfaceOrientations_iPad = "UIInterfaceOrientationPortrait UIInterfaceOrientationPortraitUpsideDown UIInterfaceOrientationLandscapeLeft UIInterfaceOrientationLandscapeRight";
				INFOPLIST_KEY_UISupportedInterfaceOrientations_iPhone = "UIInterfaceOrientationPortrait UIInterfaceOrientationLandscapeLeft UIInterfaceOrientationLandscapeRight";
				IPHONEOS_DEPLOYMENT_TARGET = 16.4;
				LD_RUNPATH_SEARCH_PATHS = (
					"$(inherited)",
					"@executable_path/Frameworks",
				);
				MARKETING_VERSION = 1.0;
				PRODUCT_BUNDLE_IDENTIFIER = "com.ethanmcrae.Lift-Scan";
				PRODUCT_NAME = "$(TARGET_NAME)";
				SWIFT_EMIT_LOC_STRINGS = YES;
				SWIFT_VERSION = 5.0;
				TARGETED_DEVICE_FAMILY = "1,2";
			};
			name = Debug;
		};
		3AE50D1D2A79A23D00E33A34 /* Release */ = {
			isa = XCBuildConfiguration;
			buildSettings = {
				ASSETCATALOG_COMPILER_APPICON_NAME = AppIcon;
				ASSETCATALOG_COMPILER_GLOBAL_ACCENT_COLOR_NAME = AccentColor;
				CODE_SIGN_ENTITLEMENTS = "Lift Scan/Lift_Scan.entitlements";
				CODE_SIGN_STYLE = Automatic;
				CURRENT_PROJECT_VERSION = 1;
				DEVELOPMENT_ASSET_PATHS = "\"Lift Scan/Preview Content\"";
				DEVELOPMENT_TEAM = 6HR3MK32U8;
				ENABLE_PREVIEWS = YES;
				GENERATE_INFOPLIST_FILE = YES;
				INFOPLIST_FILE = "Lift Scan/Info.plist";
				INFOPLIST_KEY_UIApplicationSceneManifest_Generation = YES;
				INFOPLIST_KEY_UIApplicationSupportsIndirectInputEvents = YES;
				INFOPLIST_KEY_UILaunchScreen_Generation = YES;
				INFOPLIST_KEY_UISupportedInterfaceOrientations_iPad = "UIInterfaceOrientationPortrait UIInterfaceOrientationPortraitUpsideDown UIInterfaceOrientationLandscapeLeft UIInterfaceOrientationLandscapeRight";
				INFOPLIST_KEY_UISupportedInterfaceOrientations_iPhone = "UIInterfaceOrientationPortrait UIInterfaceOrientationLandscapeLeft UIInterfaceOrientationLandscapeRight";
				IPHONEOS_DEPLOYMENT_TARGET = 16.4;
				LD_RUNPATH_SEARCH_PATHS = (
					"$(inherited)",
					"@executable_path/Frameworks",
				);
				MARKETING_VERSION = 1.0;
				PRODUCT_BUNDLE_IDENTIFIER = "com.ethanmcrae.Lift-Scan";
				PRODUCT_NAME = "$(TARGET_NAME)";
				SWIFT_EMIT_LOC_STRINGS = YES;
				SWIFT_VERSION = 5.0;
				TARGETED_DEVICE_FAMILY = "1,2";
			};
			name = Release;
		};
/* End XCBuildConfiguration section */

/* Begin XCConfigurationList section */
		3AE50D012A79A23A00E33A34 /* Build configuration list for PBXProject "Lift Scan" */ = {
			isa = XCConfigurationList;
			buildConfigurations = (
				3AE50D192A79A23D00E33A34 /* Debug */,
				3AE50D1A2A79A23D00E33A34 /* Release */,
			);
			defaultConfigurationIsVisible = 0;
			defaultConfigurationName = Release;
		};
		3AE50D1B2A79A23D00E33A34 /* Build configuration list for PBXNativeTarget "Lift Scan" */ = {
			isa = XCConfigurationList;
			buildConfigurations = (
				3AE50D1C2A79A23D00E33A34 /* Debug */,
				3AE50D1D2A79A23D00E33A34 /* Release */,
			);
			defaultConfigurationIsVisible = 0;
			defaultConfigurationName = Release;
		};
/* End XCConfigurationList section */

/* Begin XCVersionGroup section */
		3AE50D142A79A23D00E33A34 /* Lift_Scan.xcdatamodeld */ = {
			isa = XCVersionGroup;
			children = (
				3AE50D152A79A23D00E33A34 /* Lift_Scan.xcdatamodel */,
			);
			currentVersion = 3AE50D152A79A23D00E33A34 /* Lift_Scan.xcdatamodel */;
			path = Lift_Scan.xcdatamodeld;
			sourceTree = "<group>";
			versionGroupType = wrapper.xcdatamodel;
		};
/* End XCVersionGroup section */
	};
	rootObject = 3AE50CFE2A79A23A00E33A34 /* Project object */;
}
